// !$*UTF8*$!
{
	archiveVersion = 1;
	classes = {
	};
	objectVersion = 50;
	objects = {

/* Begin PBXBuildFile section */
		166B50D47297CF419C7A952E /* Pods_ArduinoTracker.framework in Frameworks */ = {isa = PBXBuildFile; fileRef = E632EA07D5EFDFE1BB6C5A76 /* Pods_ArduinoTracker.framework */; };
		3B1FEF17B5A50F133E5CBF8F /* Pods_ArduinoTracker_ArduinoTrackerUITests.framework in Frameworks */ = {isa = PBXBuildFile; fileRef = BD123AC0FD6F8A8326DAFC8E /* Pods_ArduinoTracker_ArduinoTrackerUITests.framework */; };
		4301A948B671814674F93DC1 /* Pods_ArduinoTrackerTests.framework in Frameworks */ = {isa = PBXBuildFile; fileRef = B2AD37E59D1117EA1822C14A /* Pods_ArduinoTrackerTests.framework */; };
		4EDF005F250FCEC100B961B6 /* AppDelegate.swift in Sources */ = {isa = PBXBuildFile; fileRef = 4EDF005E250FCEC100B961B6 /* AppDelegate.swift */; };
		4EDF0061250FCEC100B961B6 /* SceneDelegate.swift in Sources */ = {isa = PBXBuildFile; fileRef = 4EDF0060250FCEC100B961B6 /* SceneDelegate.swift */; };
		4EDF0066250FCEC100B961B6 /* Main.storyboard in Resources */ = {isa = PBXBuildFile; fileRef = 4EDF0064250FCEC100B961B6 /* Main.storyboard */; };
		4EDF0068250FCEC300B961B6 /* Assets.xcassets in Resources */ = {isa = PBXBuildFile; fileRef = 4EDF0067250FCEC300B961B6 /* Assets.xcassets */; };
		4EDF006B250FCEC300B961B6 /* LaunchScreen.storyboard in Resources */ = {isa = PBXBuildFile; fileRef = 4EDF0069250FCEC300B961B6 /* LaunchScreen.storyboard */; };
		4EDF0076250FCEC300B961B6 /* ArduinoTrackerTests.swift in Sources */ = {isa = PBXBuildFile; fileRef = 4EDF0075250FCEC300B961B6 /* ArduinoTrackerTests.swift */; };
		4EDF0081250FCEC300B961B6 /* ArduinoTrackerUITests.swift in Sources */ = {isa = PBXBuildFile; fileRef = 4EDF0080250FCEC300B961B6 /* ArduinoTrackerUITests.swift */; };
		4EDF0091250FD0AB00B961B6 /* RootViewController.swift in Sources */ = {isa = PBXBuildFile; fileRef = 4EDF0090250FD0AB00B961B6 /* RootViewController.swift */; };
		4EDF0093250FD11C00B961B6 /* MapViewController.swift in Sources */ = {isa = PBXBuildFile; fileRef = 4EDF0092250FD11C00B961B6 /* MapViewController.swift */; };
		4EDF0095250FD2EC00B961B6 /* SignUpViewController.swift in Sources */ = {isa = PBXBuildFile; fileRef = 4EDF0094250FD2EC00B961B6 /* SignUpViewController.swift */; };
		4EDF0098250FDDC200B961B6 /* DesignableView.swift in Sources */ = {isa = PBXBuildFile; fileRef = 4EDF0097250FDDC200B961B6 /* DesignableView.swift */; };
		4EDF009B2510419700B961B6 /* Utilities.swift in Sources */ = {isa = PBXBuildFile; fileRef = 4EDF009A2510419700B961B6 /* Utilities.swift */; };
		4EDF009D25104ABA00B961B6 /* GoogleService-Info.plist in Resources */ = {isa = PBXBuildFile; fileRef = 4EDF009C25104ABA00B961B6 /* GoogleService-Info.plist */; };
/* End PBXBuildFile section */

/* Begin PBXContainerItemProxy section */
		4EDF0072250FCEC300B961B6 /* PBXContainerItemProxy */ = {
			isa = PBXContainerItemProxy;
			containerPortal = 4EDF0053250FCEC100B961B6 /* Project object */;
			proxyType = 1;
			remoteGlobalIDString = 4EDF005A250FCEC100B961B6;
			remoteInfo = ArduinoTracker;
		};
		4EDF007D250FCEC300B961B6 /* PBXContainerItemProxy */ = {
			isa = PBXContainerItemProxy;
			containerPortal = 4EDF0053250FCEC100B961B6 /* Project object */;
			proxyType = 1;
			remoteGlobalIDString = 4EDF005A250FCEC100B961B6;
			remoteInfo = ArduinoTracker;
		};
/* End PBXContainerItemProxy section */

/* Begin PBXFileReference section */
		09A4B36299DEE0318F5D8E38 /* Pods-ArduinoTrackerTests.release.xcconfig */ = {isa = PBXFileReference; includeInIndex = 1; lastKnownFileType = text.xcconfig; name = "Pods-ArduinoTrackerTests.release.xcconfig"; path = "Target Support Files/Pods-ArduinoTrackerTests/Pods-ArduinoTrackerTests.release.xcconfig"; sourceTree = "<group>"; };
		2157A237C7735398863DF06B /* Pods-ArduinoTrackerTests.debug.xcconfig */ = {isa = PBXFileReference; includeInIndex = 1; lastKnownFileType = text.xcconfig; name = "Pods-ArduinoTrackerTests.debug.xcconfig"; path = "Target Support Files/Pods-ArduinoTrackerTests/Pods-ArduinoTrackerTests.debug.xcconfig"; sourceTree = "<group>"; };
		4D2220DB26DC3AB14D267F90 /* Pods-ArduinoTracker-ArduinoTrackerUITests.release.xcconfig */ = {isa = PBXFileReference; includeInIndex = 1; lastKnownFileType = text.xcconfig; name = "Pods-ArduinoTracker-ArduinoTrackerUITests.release.xcconfig"; path = "Target Support Files/Pods-ArduinoTracker-ArduinoTrackerUITests/Pods-ArduinoTracker-ArduinoTrackerUITests.release.xcconfig"; sourceTree = "<group>"; };
		4EDF005B250FCEC100B961B6 /* ArduinoTracker.app */ = {isa = PBXFileReference; explicitFileType = wrapper.application; includeInIndex = 0; path = ArduinoTracker.app; sourceTree = BUILT_PRODUCTS_DIR; };
		4EDF005E250FCEC100B961B6 /* AppDelegate.swift */ = {isa = PBXFileReference; lastKnownFileType = sourcecode.swift; path = AppDelegate.swift; sourceTree = "<group>"; };
		4EDF0060250FCEC100B961B6 /* SceneDelegate.swift */ = {isa = PBXFileReference; lastKnownFileType = sourcecode.swift; path = SceneDelegate.swift; sourceTree = "<group>"; };
		4EDF0065250FCEC100B961B6 /* Base */ = {isa = PBXFileReference; lastKnownFileType = file.storyboard; name = Base; path = Base.lproj/Main.storyboard; sourceTree = "<group>"; };
		4EDF0067250FCEC300B961B6 /* Assets.xcassets */ = {isa = PBXFileReference; lastKnownFileType = folder.assetcatalog; path = Assets.xcassets; sourceTree = "<group>"; };
		4EDF006A250FCEC300B961B6 /* Base */ = {isa = PBXFileReference; lastKnownFileType = file.storyboard; name = Base; path = Base.lproj/LaunchScreen.storyboard; sourceTree = "<group>"; };
		4EDF006C250FCEC300B961B6 /* Info.plist */ = {isa = PBXFileReference; lastKnownFileType = text.plist.xml; path = Info.plist; sourceTree = "<group>"; };
		4EDF0071250FCEC300B961B6 /* ArduinoTrackerTests.xctest */ = {isa = PBXFileReference; explicitFileType = wrapper.cfbundle; includeInIndex = 0; path = ArduinoTrackerTests.xctest; sourceTree = BUILT_PRODUCTS_DIR; };
		4EDF0075250FCEC300B961B6 /* ArduinoTrackerTests.swift */ = {isa = PBXFileReference; lastKnownFileType = sourcecode.swift; path = ArduinoTrackerTests.swift; sourceTree = "<group>"; };
		4EDF0077250FCEC300B961B6 /* Info.plist */ = {isa = PBXFileReference; lastKnownFileType = text.plist.xml; path = Info.plist; sourceTree = "<group>"; };
		4EDF007C250FCEC300B961B6 /* ArduinoTrackerUITests.xctest */ = {isa = PBXFileReference; explicitFileType = wrapper.cfbundle; includeInIndex = 0; path = ArduinoTrackerUITests.xctest; sourceTree = BUILT_PRODUCTS_DIR; };
		4EDF0080250FCEC300B961B6 /* ArduinoTrackerUITests.swift */ = {isa = PBXFileReference; lastKnownFileType = sourcecode.swift; path = ArduinoTrackerUITests.swift; sourceTree = "<group>"; };
		4EDF0082250FCEC300B961B6 /* Info.plist */ = {isa = PBXFileReference; lastKnownFileType = text.plist.xml; path = Info.plist; sourceTree = "<group>"; };
		4EDF0090250FD0AB00B961B6 /* RootViewController.swift */ = {isa = PBXFileReference; lastKnownFileType = sourcecode.swift; path = RootViewController.swift; sourceTree = "<group>"; };
		4EDF0092250FD11C00B961B6 /* MapViewController.swift */ = {isa = PBXFileReference; lastKnownFileType = sourcecode.swift; path = MapViewController.swift; sourceTree = "<group>"; };
		4EDF0094250FD2EC00B961B6 /* SignUpViewController.swift */ = {isa = PBXFileReference; lastKnownFileType = sourcecode.swift; path = SignUpViewController.swift; sourceTree = "<group>"; };
		4EDF0097250FDDC200B961B6 /* DesignableView.swift */ = {isa = PBXFileReference; lastKnownFileType = sourcecode.swift; path = DesignableView.swift; sourceTree = "<group>"; };
		4EDF009A2510419700B961B6 /* Utilities.swift */ = {isa = PBXFileReference; lastKnownFileType = sourcecode.swift; path = Utilities.swift; sourceTree = "<group>"; };
		4EDF009C25104ABA00B961B6 /* GoogleService-Info.plist */ = {isa = PBXFileReference; fileEncoding = 4; lastKnownFileType = text.plist.xml; path = "GoogleService-Info.plist"; sourceTree = "<group>"; };
		62212398D927569D78D6A7E0 /* Pods-ArduinoTracker.release.xcconfig */ = {isa = PBXFileReference; includeInIndex = 1; lastKnownFileType = text.xcconfig; name = "Pods-ArduinoTracker.release.xcconfig"; path = "Target Support Files/Pods-ArduinoTracker/Pods-ArduinoTracker.release.xcconfig"; sourceTree = "<group>"; };
		A139E266BFBC7BE2CC140838 /* Pods-ArduinoTracker-ArduinoTrackerUITests.debug.xcconfig */ = {isa = PBXFileReference; includeInIndex = 1; lastKnownFileType = text.xcconfig; name = "Pods-ArduinoTracker-ArduinoTrackerUITests.debug.xcconfig"; path = "Target Support Files/Pods-ArduinoTracker-ArduinoTrackerUITests/Pods-ArduinoTracker-ArduinoTrackerUITests.debug.xcconfig"; sourceTree = "<group>"; };
		B08F7C2ED5F65E8D430424E5 /* Pods-ArduinoTracker.debug.xcconfig */ = {isa = PBXFileReference; includeInIndex = 1; lastKnownFileType = text.xcconfig; name = "Pods-ArduinoTracker.debug.xcconfig"; path = "Target Support Files/Pods-ArduinoTracker/Pods-ArduinoTracker.debug.xcconfig"; sourceTree = "<group>"; };
		B2AD37E59D1117EA1822C14A /* Pods_ArduinoTrackerTests.framework */ = {isa = PBXFileReference; explicitFileType = wrapper.framework; includeInIndex = 0; path = Pods_ArduinoTrackerTests.framework; sourceTree = BUILT_PRODUCTS_DIR; };
		BD123AC0FD6F8A8326DAFC8E /* Pods_ArduinoTracker_ArduinoTrackerUITests.framework */ = {isa = PBXFileReference; explicitFileType = wrapper.framework; includeInIndex = 0; path = Pods_ArduinoTracker_ArduinoTrackerUITests.framework; sourceTree = BUILT_PRODUCTS_DIR; };
		E632EA07D5EFDFE1BB6C5A76 /* Pods_ArduinoTracker.framework */ = {isa = PBXFileReference; explicitFileType = wrapper.framework; includeInIndex = 0; path = Pods_ArduinoTracker.framework; sourceTree = BUILT_PRODUCTS_DIR; };
/* End PBXFileReference section */

/* Begin PBXFrameworksBuildPhase section */
		4EDF0058250FCEC100B961B6 /* Frameworks */ = {
			isa = PBXFrameworksBuildPhase;
			buildActionMask = 2147483647;
			files = (
				166B50D47297CF419C7A952E /* Pods_ArduinoTracker.framework in Frameworks */,
			);
			runOnlyForDeploymentPostprocessing = 0;
		};
		4EDF006E250FCEC300B961B6 /* Frameworks */ = {
			isa = PBXFrameworksBuildPhase;
			buildActionMask = 2147483647;
			files = (
				4301A948B671814674F93DC1 /* Pods_ArduinoTrackerTests.framework in Frameworks */,
			);
			runOnlyForDeploymentPostprocessing = 0;
		};
		4EDF0079250FCEC300B961B6 /* Frameworks */ = {
			isa = PBXFrameworksBuildPhase;
			buildActionMask = 2147483647;
			files = (
				3B1FEF17B5A50F133E5CBF8F /* Pods_ArduinoTracker_ArduinoTrackerUITests.framework in Frameworks */,
			);
			runOnlyForDeploymentPostprocessing = 0;
		};
/* End PBXFrameworksBuildPhase section */

/* Begin PBXGroup section */
		317A63727C6A4CD1F41DF132 /* Pods */ = {
			isa = PBXGroup;
			children = (
				B08F7C2ED5F65E8D430424E5 /* Pods-ArduinoTracker.debug.xcconfig */,
				62212398D927569D78D6A7E0 /* Pods-ArduinoTracker.release.xcconfig */,
				A139E266BFBC7BE2CC140838 /* Pods-ArduinoTracker-ArduinoTrackerUITests.debug.xcconfig */,
				4D2220DB26DC3AB14D267F90 /* Pods-ArduinoTracker-ArduinoTrackerUITests.release.xcconfig */,
				2157A237C7735398863DF06B /* Pods-ArduinoTrackerTests.debug.xcconfig */,
				09A4B36299DEE0318F5D8E38 /* Pods-ArduinoTrackerTests.release.xcconfig */,
			);
			name = Pods;
			path = Pods;
			sourceTree = "<group>";
		};
		4EDF0052250FCEC100B961B6 = {
			isa = PBXGroup;
			children = (
				4EDF005D250FCEC100B961B6 /* ArduinoTracker */,
				4EDF0074250FCEC300B961B6 /* ArduinoTrackerTests */,
				4EDF007F250FCEC300B961B6 /* ArduinoTrackerUITests */,
				4EDF005C250FCEC100B961B6 /* Products */,
				317A63727C6A4CD1F41DF132 /* Pods */,
				83F6B9CB7FC24890248FEE57 /* Frameworks */,
			);
			sourceTree = "<group>";
		};
		4EDF005C250FCEC100B961B6 /* Products */ = {
			isa = PBXGroup;
			children = (
				4EDF005B250FCEC100B961B6 /* ArduinoTracker.app */,
				4EDF0071250FCEC300B961B6 /* ArduinoTrackerTests.xctest */,
				4EDF007C250FCEC300B961B6 /* ArduinoTrackerUITests.xctest */,
			);
			name = Products;
			sourceTree = "<group>";
		};
		4EDF005D250FCEC100B961B6 /* ArduinoTracker */ = {
			isa = PBXGroup;
			children = (
				4EDF00992510418000B961B6 /* Helpers */,
				4EDF0096250FD31100B961B6 /* ViewControllers */,
				4EDF005E250FCEC100B961B6 /* AppDelegate.swift */,
				4EDF0060250FCEC100B961B6 /* SceneDelegate.swift */,
				4EDF0067250FCEC300B961B6 /* Assets.xcassets */,
				4EDF0069250FCEC300B961B6 /* LaunchScreen.storyboard */,
				4EDF0064250FCEC100B961B6 /* Main.storyboard */,
				4EDF006C250FCEC300B961B6 /* Info.plist */,
				4EDF0097250FDDC200B961B6 /* DesignableView.swift */,
				4EDF009C25104ABA00B961B6 /* GoogleService-Info.plist */,
			);
			path = ArduinoTracker;
			sourceTree = "<group>";
		};
		4EDF0074250FCEC300B961B6 /* ArduinoTrackerTests */ = {
			isa = PBXGroup;
			children = (
				4EDF0075250FCEC300B961B6 /* ArduinoTrackerTests.swift */,
				4EDF0077250FCEC300B961B6 /* Info.plist */,
			);
			path = ArduinoTrackerTests;
			sourceTree = "<group>";
		};
		4EDF007F250FCEC300B961B6 /* ArduinoTrackerUITests */ = {
			isa = PBXGroup;
			children = (
				4EDF0080250FCEC300B961B6 /* ArduinoTrackerUITests.swift */,
				4EDF0082250FCEC300B961B6 /* Info.plist */,
			);
			path = ArduinoTrackerUITests;
			sourceTree = "<group>";
		};
		4EDF0096250FD31100B961B6 /* ViewControllers */ = {
			isa = PBXGroup;
			children = (
				4EDF0094250FD2EC00B961B6 /* SignUpViewController.swift */,
				4EDF0090250FD0AB00B961B6 /* RootViewController.swift */,
				4EDF0092250FD11C00B961B6 /* MapViewController.swift */,
			);
			path = ViewControllers;
			sourceTree = "<group>";
		};
		4EDF00992510418000B961B6 /* Helpers */ = {
			isa = PBXGroup;
			children = (
				4EDF009A2510419700B961B6 /* Utilities.swift */,
			);
			path = Helpers;
			sourceTree = "<group>";
		};
		83F6B9CB7FC24890248FEE57 /* Frameworks */ = {
			isa = PBXGroup;
			children = (
				E632EA07D5EFDFE1BB6C5A76 /* Pods_ArduinoTracker.framework */,
				BD123AC0FD6F8A8326DAFC8E /* Pods_ArduinoTracker_ArduinoTrackerUITests.framework */,
				B2AD37E59D1117EA1822C14A /* Pods_ArduinoTrackerTests.framework */,
			);
			name = Frameworks;
			sourceTree = "<group>";
		};
/* End PBXGroup section */

/* Begin PBXNativeTarget section */
		4EDF005A250FCEC100B961B6 /* ArduinoTracker */ = {
			isa = PBXNativeTarget;
			buildConfigurationList = 4EDF0085250FCEC300B961B6 /* Build configuration list for PBXNativeTarget "ArduinoTracker" */;
			buildPhases = (
				E0AFCFC8E585EFC3065F5874 /* [CP] Check Pods Manifest.lock */,
				4EDF0057250FCEC100B961B6 /* Sources */,
				4EDF0058250FCEC100B961B6 /* Frameworks */,
				4EDF0059250FCEC100B961B6 /* Resources */,
				307D462F8DD0B7CE24D72D11 /* [CP] Embed Pods Frameworks */,
			);
			buildRules = (
			);
			dependencies = (
			);
			name = ArduinoTracker;
			productName = ArduinoTracker;
			productReference = 4EDF005B250FCEC100B961B6 /* ArduinoTracker.app */;
			productType = "com.apple.product-type.application";
		};
		4EDF0070250FCEC300B961B6 /* ArduinoTrackerTests */ = {
			isa = PBXNativeTarget;
			buildConfigurationList = 4EDF0088250FCEC300B961B6 /* Build configuration list for PBXNativeTarget "ArduinoTrackerTests" */;
			buildPhases = (
				C0B8C8CB1C8D96C9793E56A3 /* [CP] Check Pods Manifest.lock */,
				4EDF006D250FCEC300B961B6 /* Sources */,
				4EDF006E250FCEC300B961B6 /* Frameworks */,
				4EDF006F250FCEC300B961B6 /* Resources */,
			);
			buildRules = (
			);
			dependencies = (
				4EDF0073250FCEC300B961B6 /* PBXTargetDependency */,
			);
			name = ArduinoTrackerTests;
			productName = ArduinoTrackerTests;
			productReference = 4EDF0071250FCEC300B961B6 /* ArduinoTrackerTests.xctest */;
			productType = "com.apple.product-type.bundle.unit-test";
		};
		4EDF007B250FCEC300B961B6 /* ArduinoTrackerUITests */ = {
			isa = PBXNativeTarget;
			buildConfigurationList = 4EDF008B250FCEC300B961B6 /* Build configuration list for PBXNativeTarget "ArduinoTrackerUITests" */;
			buildPhases = (
				D4DCDBA5FFFCCA01C0EC0198 /* [CP] Check Pods Manifest.lock */,
				4EDF0078250FCEC300B961B6 /* Sources */,
				4EDF0079250FCEC300B961B6 /* Frameworks */,
				4EDF007A250FCEC300B961B6 /* Resources */,
				16E590B9A6BDB1091984E653 /* [CP] Embed Pods Frameworks */,
			);
			buildRules = (
			);
			dependencies = (
				4EDF007E250FCEC300B961B6 /* PBXTargetDependency */,
			);
			name = ArduinoTrackerUITests;
			productName = ArduinoTrackerUITests;
			productReference = 4EDF007C250FCEC300B961B6 /* ArduinoTrackerUITests.xctest */;
			productType = "com.apple.product-type.bundle.ui-testing";
		};
/* End PBXNativeTarget section */

/* Begin PBXProject section */
		4EDF0053250FCEC100B961B6 /* Project object */ = {
			isa = PBXProject;
			attributes = {
				LastSwiftUpdateCheck = 1170;
				LastUpgradeCheck = 1170;
				ORGANIZATIONNAME = "Rob Piccirillo";
				TargetAttributes = {
					4EDF005A250FCEC100B961B6 = {
						CreatedOnToolsVersion = 11.7;
					};
					4EDF0070250FCEC300B961B6 = {
						CreatedOnToolsVersion = 11.7;
						TestTargetID = 4EDF005A250FCEC100B961B6;
					};
					4EDF007B250FCEC300B961B6 = {
						CreatedOnToolsVersion = 11.7;
						TestTargetID = 4EDF005A250FCEC100B961B6;
					};
				};
			};
			buildConfigurationList = 4EDF0056250FCEC100B961B6 /* Build configuration list for PBXProject "ArduinoTracker" */;
			compatibilityVersion = "Xcode 9.3";
			developmentRegion = en;
			hasScannedForEncodings = 0;
			knownRegions = (
				en,
				Base,
			);
			mainGroup = 4EDF0052250FCEC100B961B6;
			productRefGroup = 4EDF005C250FCEC100B961B6 /* Products */;
			projectDirPath = "";
			projectRoot = "";
			targets = (
				4EDF005A250FCEC100B961B6 /* ArduinoTracker */,
				4EDF0070250FCEC300B961B6 /* ArduinoTrackerTests */,
				4EDF007B250FCEC300B961B6 /* ArduinoTrackerUITests */,
			);
		};
/* End PBXProject section */

/* Begin PBXResourcesBuildPhase section */
		4EDF0059250FCEC100B961B6 /* Resources */ = {
			isa = PBXResourcesBuildPhase;
			buildActionMask = 2147483647;
			files = (
				4EDF006B250FCEC300B961B6 /* LaunchScreen.storyboard in Resources */,
				4EDF009D25104ABA00B961B6 /* GoogleService-Info.plist in Resources */,
				4EDF0068250FCEC300B961B6 /* Assets.xcassets in Resources */,
				4EDF0066250FCEC100B961B6 /* Main.storyboard in Resources */,
			);
			runOnlyForDeploymentPostprocessing = 0;
		};
		4EDF006F250FCEC300B961B6 /* Resources */ = {
			isa = PBXResourcesBuildPhase;
			buildActionMask = 2147483647;
			files = (
			);
			runOnlyForDeploymentPostprocessing = 0;
		};
		4EDF007A250FCEC300B961B6 /* Resources */ = {
			isa = PBXResourcesBuildPhase;
			buildActionMask = 2147483647;
			files = (
			);
			runOnlyForDeploymentPostprocessing = 0;
		};
/* End PBXResourcesBuildPhase section */

/* Begin PBXShellScriptBuildPhase section */
		16E590B9A6BDB1091984E653 /* [CP] Embed Pods Frameworks */ = {
			isa = PBXShellScriptBuildPhase;
			buildActionMask = 2147483647;
			files = (
			);
			inputFileListPaths = (
				"${PODS_ROOT}/Target Support Files/Pods-ArduinoTracker-ArduinoTrackerUITests/Pods-ArduinoTracker-ArduinoTrackerUITests-frameworks-${CONFIGURATION}-input-files.xcfilelist",
			);
			name = "[CP] Embed Pods Frameworks";
			outputFileListPaths = (
				"${PODS_ROOT}/Target Support Files/Pods-ArduinoTracker-ArduinoTrackerUITests/Pods-ArduinoTracker-ArduinoTrackerUITests-frameworks-${CONFIGURATION}-output-files.xcfilelist",
			);
			runOnlyForDeploymentPostprocessing = 0;
			shellPath = /bin/sh;
			shellScript = "\"${PODS_ROOT}/Target Support Files/Pods-ArduinoTracker-ArduinoTrackerUITests/Pods-ArduinoTracker-ArduinoTrackerUITests-frameworks.sh\"\n";
			showEnvVarsInLog = 0;
		};
		307D462F8DD0B7CE24D72D11 /* [CP] Embed Pods Frameworks */ = {
			isa = PBXShellScriptBuildPhase;
			buildActionMask = 2147483647;
			files = (
			);
			inputFileListPaths = (
				"${PODS_ROOT}/Target Support Files/Pods-ArduinoTracker/Pods-ArduinoTracker-frameworks-${CONFIGURATION}-input-files.xcfilelist",
			);
			name = "[CP] Embed Pods Frameworks";
			outputFileListPaths = (
				"${PODS_ROOT}/Target Support Files/Pods-ArduinoTracker/Pods-ArduinoTracker-frameworks-${CONFIGURATION}-output-files.xcfilelist",
			);
			runOnlyForDeploymentPostprocessing = 0;
			shellPath = /bin/sh;
			shellScript = "\"${PODS_ROOT}/Target Support Files/Pods-ArduinoTracker/Pods-ArduinoTracker-frameworks.sh\"\n";
			showEnvVarsInLog = 0;
		};
		C0B8C8CB1C8D96C9793E56A3 /* [CP] Check Pods Manifest.lock */ = {
			isa = PBXShellScriptBuildPhase;
			buildActionMask = 2147483647;
			files = (
			);
			inputFileListPaths = (
			);
			inputPaths = (
				"${PODS_PODFILE_DIR_PATH}/Podfile.lock",
				"${PODS_ROOT}/Manifest.lock",
			);
			name = "[CP] Check Pods Manifest.lock";
			outputFileListPaths = (
			);
			outputPaths = (
				"$(DERIVED_FILE_DIR)/Pods-ArduinoTrackerTests-checkManifestLockResult.txt",
			);
			runOnlyForDeploymentPostprocessing = 0;
			shellPath = /bin/sh;
			shellScript = "diff \"${PODS_PODFILE_DIR_PATH}/Podfile.lock\" \"${PODS_ROOT}/Manifest.lock\" > /dev/null\nif [ $? != 0 ] ; then\n    # print error to STDERR\n    echo \"error: The sandbox is not in sync with the Podfile.lock. Run 'pod install' or update your CocoaPods installation.\" >&2\n    exit 1\nfi\n# This output is used by Xcode 'outputs' to avoid re-running this script phase.\necho \"SUCCESS\" > \"${SCRIPT_OUTPUT_FILE_0}\"\n";
			showEnvVarsInLog = 0;
		};
		D4DCDBA5FFFCCA01C0EC0198 /* [CP] Check Pods Manifest.lock */ = {
			isa = PBXShellScriptBuildPhase;
			buildActionMask = 2147483647;
			files = (
			);
			inputFileListPaths = (
			);
			inputPaths = (
				"${PODS_PODFILE_DIR_PATH}/Podfile.lock",
				"${PODS_ROOT}/Manifest.lock",
			);
			name = "[CP] Check Pods Manifest.lock";
			outputFileListPaths = (
			);
			outputPaths = (
				"$(DERIVED_FILE_DIR)/Pods-ArduinoTracker-ArduinoTrackerUITests-checkManifestLockResult.txt",
			);
			runOnlyForDeploymentPostprocessing = 0;
			shellPath = /bin/sh;
			shellScript = "diff \"${PODS_PODFILE_DIR_PATH}/Podfile.lock\" \"${PODS_ROOT}/Manifest.lock\" > /dev/null\nif [ $? != 0 ] ; then\n    # print error to STDERR\n    echo \"error: The sandbox is not in sync with the Podfile.lock. Run 'pod install' or update your CocoaPods installation.\" >&2\n    exit 1\nfi\n# This output is used by Xcode 'outputs' to avoid re-running this script phase.\necho \"SUCCESS\" > \"${SCRIPT_OUTPUT_FILE_0}\"\n";
			showEnvVarsInLog = 0;
		};
		E0AFCFC8E585EFC3065F5874 /* [CP] Check Pods Manifest.lock */ = {
			isa = PBXShellScriptBuildPhase;
			buildActionMask = 2147483647;
			files = (
			);
			inputFileListPaths = (
			);
			inputPaths = (
				"${PODS_PODFILE_DIR_PATH}/Podfile.lock",
				"${PODS_ROOT}/Manifest.lock",
			);
			name = "[CP] Check Pods Manifest.lock";
			outputFileListPaths = (
			);
			outputPaths = (
				"$(DERIVED_FILE_DIR)/Pods-ArduinoTracker-checkManifestLockResult.txt",
			);
			runOnlyForDeploymentPostprocessing = 0;
			shellPath = /bin/sh;
			shellScript = "diff \"${PODS_PODFILE_DIR_PATH}/Podfile.lock\" \"${PODS_ROOT}/Manifest.lock\" > /dev/null\nif [ $? != 0 ] ; then\n    # print error to STDERR\n    echo \"error: The sandbox is not in sync with the Podfile.lock. Run 'pod install' or update your CocoaPods installation.\" >&2\n    exit 1\nfi\n# This output is used by Xcode 'outputs' to avoid re-running this script phase.\necho \"SUCCESS\" > \"${SCRIPT_OUTPUT_FILE_0}\"\n";
			showEnvVarsInLog = 0;
		};
/* End PBXShellScriptBuildPhase section */

/* Begin PBXSourcesBuildPhase section */
		4EDF0057250FCEC100B961B6 /* Sources */ = {
			isa = PBXSourcesBuildPhase;
			buildActionMask = 2147483647;
			files = (
				4EDF005F250FCEC100B961B6 /* AppDelegate.swift in Sources */,
				4EDF0061250FCEC100B961B6 /* SceneDelegate.swift in Sources */,
				4EDF009B2510419700B961B6 /* Utilities.swift in Sources */,
				4EDF0098250FDDC200B961B6 /* DesignableView.swift in Sources */,
				4EDF0091250FD0AB00B961B6 /* RootViewController.swift in Sources */,
				4EDF0093250FD11C00B961B6 /* MapViewController.swift in Sources */,
				4EDF0095250FD2EC00B961B6 /* SignUpViewController.swift in Sources */,
			);
			runOnlyForDeploymentPostprocessing = 0;
		};
		4EDF006D250FCEC300B961B6 /* Sources */ = {
			isa = PBXSourcesBuildPhase;
			buildActionMask = 2147483647;
			files = (
				4EDF0076250FCEC300B961B6 /* ArduinoTrackerTests.swift in Sources */,
			);
			runOnlyForDeploymentPostprocessing = 0;
		};
		4EDF0078250FCEC300B961B6 /* Sources */ = {
			isa = PBXSourcesBuildPhase;
			buildActionMask = 2147483647;
			files = (
				4EDF0081250FCEC300B961B6 /* ArduinoTrackerUITests.swift in Sources */,
			);
			runOnlyForDeploymentPostprocessing = 0;
		};
/* End PBXSourcesBuildPhase section */

/* Begin PBXTargetDependency section */
		4EDF0073250FCEC300B961B6 /* PBXTargetDependency */ = {
			isa = PBXTargetDependency;
			target = 4EDF005A250FCEC100B961B6 /* ArduinoTracker */;
			targetProxy = 4EDF0072250FCEC300B961B6 /* PBXContainerItemProxy */;
		};
		4EDF007E250FCEC300B961B6 /* PBXTargetDependency */ = {
			isa = PBXTargetDependency;
			target = 4EDF005A250FCEC100B961B6 /* ArduinoTracker */;
			targetProxy = 4EDF007D250FCEC300B961B6 /* PBXContainerItemProxy */;
		};
/* End PBXTargetDependency section */

/* Begin PBXVariantGroup section */
		4EDF0064250FCEC100B961B6 /* Main.storyboard */ = {
			isa = PBXVariantGroup;
			children = (
				4EDF0065250FCEC100B961B6 /* Base */,
			);
			name = Main.storyboard;
			sourceTree = "<group>";
		};
		4EDF0069250FCEC300B961B6 /* LaunchScreen.storyboard */ = {
			isa = PBXVariantGroup;
			children = (
				4EDF006A250FCEC300B961B6 /* Base */,
			);
			name = LaunchScreen.storyboard;
			sourceTree = "<group>";
		};
/* End PBXVariantGroup section */

/* Begin XCBuildConfiguration section */
		4EDF0083250FCEC300B961B6 /* Debug */ = {
			isa = XCBuildConfiguration;
			buildSettings = {
				ALWAYS_SEARCH_USER_PATHS = NO;
				CLANG_ANALYZER_NONNULL = YES;
				CLANG_ANALYZER_NUMBER_OBJECT_CONVERSION = YES_AGGRESSIVE;
				CLANG_CXX_LANGUAGE_STANDARD = "gnu++14";
				CLANG_CXX_LIBRARY = "libc++";
				CLANG_ENABLE_MODULES = YES;
				CLANG_ENABLE_OBJC_ARC = YES;
				CLANG_ENABLE_OBJC_WEAK = YES;
				CLANG_WARN_BLOCK_CAPTURE_AUTORELEASING = YES;
				CLANG_WARN_BOOL_CONVERSION = YES;
				CLANG_WARN_COMMA = YES;
				CLANG_WARN_CONSTANT_CONVERSION = YES;
				CLANG_WARN_DEPRECATED_OBJC_IMPLEMENTATIONS = YES;
				CLANG_WARN_DIRECT_OBJC_ISA_USAGE = YES_ERROR;
				CLANG_WARN_DOCUMENTATION_COMMENTS = YES;
				CLANG_WARN_EMPTY_BODY = YES;
				CLANG_WARN_ENUM_CONVERSION = YES;
				CLANG_WARN_INFINITE_RECURSION = YES;
				CLANG_WARN_INT_CONVERSION = YES;
				CLANG_WARN_NON_LITERAL_NULL_CONVERSION = YES;
				CLANG_WARN_OBJC_IMPLICIT_RETAIN_SELF = YES;
				CLANG_WARN_OBJC_LITERAL_CONVERSION = YES;
				CLANG_WARN_OBJC_ROOT_CLASS = YES_ERROR;
				CLANG_WARN_RANGE_LOOP_ANALYSIS = YES;
				CLANG_WARN_STRICT_PROTOTYPES = YES;
				CLANG_WARN_SUSPICIOUS_MOVE = YES;
				CLANG_WARN_UNGUARDED_AVAILABILITY = YES_AGGRESSIVE;
				CLANG_WARN_UNREACHABLE_CODE = YES;
				CLANG_WARN__DUPLICATE_METHOD_MATCH = YES;
				COPY_PHASE_STRIP = NO;
				DEBUG_INFORMATION_FORMAT = dwarf;
				ENABLE_STRICT_OBJC_MSGSEND = YES;
				ENABLE_TESTABILITY = YES;
				GCC_C_LANGUAGE_STANDARD = gnu11;
				GCC_DYNAMIC_NO_PIC = NO;
				GCC_NO_COMMON_BLOCKS = YES;
				GCC_OPTIMIZATION_LEVEL = 0;
				GCC_PREPROCESSOR_DEFINITIONS = (
					"DEBUG=1",
					"$(inherited)",
				);
				GCC_WARN_64_TO_32_BIT_CONVERSION = YES;
				GCC_WARN_ABOUT_RETURN_TYPE = YES_ERROR;
				GCC_WARN_UNDECLARED_SELECTOR = YES;
				GCC_WARN_UNINITIALIZED_AUTOS = YES_AGGRESSIVE;
				GCC_WARN_UNUSED_FUNCTION = YES;
				GCC_WARN_UNUSED_VARIABLE = YES;
				IPHONEOS_DEPLOYMENT_TARGET = 13.7;
				MTL_ENABLE_DEBUG_INFO = INCLUDE_SOURCE;
				MTL_FAST_MATH = YES;
				ONLY_ACTIVE_ARCH = YES;
				SDKROOT = iphoneos;
				SWIFT_ACTIVE_COMPILATION_CONDITIONS = DEBUG;
				SWIFT_OPTIMIZATION_LEVEL = "-Onone";
			};
			name = Debug;
		};
		4EDF0084250FCEC300B961B6 /* Release */ = {
			isa = XCBuildConfiguration;
			buildSettings = {
				ALWAYS_SEARCH_USER_PATHS = NO;
				CLANG_ANALYZER_NONNULL = YES;
				CLANG_ANALYZER_NUMBER_OBJECT_CONVERSION = YES_AGGRESSIVE;
				CLANG_CXX_LANGUAGE_STANDARD = "gnu++14";
				CLANG_CXX_LIBRARY = "libc++";
				CLANG_ENABLE_MODULES = YES;
				CLANG_ENABLE_OBJC_ARC = YES;
				CLANG_ENABLE_OBJC_WEAK = YES;
				CLANG_WARN_BLOCK_CAPTURE_AUTORELEASING = YES;
				CLANG_WARN_BOOL_CONVERSION = YES;
				CLANG_WARN_COMMA = YES;
				CLANG_WARN_CONSTANT_CONVERSION = YES;
				CLANG_WARN_DEPRECATED_OBJC_IMPLEMENTATIONS = YES;
				CLANG_WARN_DIRECT_OBJC_ISA_USAGE = YES_ERROR;
				CLANG_WARN_DOCUMENTATION_COMMENTS = YES;
				CLANG_WARN_EMPTY_BODY = YES;
				CLANG_WARN_ENUM_CONVERSION = YES;
				CLANG_WARN_INFINITE_RECURSION = YES;
				CLANG_WARN_INT_CONVERSION = YES;
				CLANG_WARN_NON_LITERAL_NULL_CONVERSION = YES;
				CLANG_WARN_OBJC_IMPLICIT_RETAIN_SELF = YES;
				CLANG_WARN_OBJC_LITERAL_CONVERSION = YES;
				CLANG_WARN_OBJC_ROOT_CLASS = YES_ERROR;
				CLANG_WARN_RANGE_LOOP_ANALYSIS = YES;
				CLANG_WARN_STRICT_PROTOTYPES = YES;
				CLANG_WARN_SUSPICIOUS_MOVE = YES;
				CLANG_WARN_UNGUARDED_AVAILABILITY = YES_AGGRESSIVE;
				CLANG_WARN_UNREACHABLE_CODE = YES;
				CLANG_WARN__DUPLICATE_METHOD_MATCH = YES;
				COPY_PHASE_STRIP = NO;
				DEBUG_INFORMATION_FORMAT = "dwarf-with-dsym";
				ENABLE_NS_ASSERTIONS = NO;
				ENABLE_STRICT_OBJC_MSGSEND = YES;
				GCC_C_LANGUAGE_STANDARD = gnu11;
				GCC_NO_COMMON_BLOCKS = YES;
				GCC_WARN_64_TO_32_BIT_CONVERSION = YES;
				GCC_WARN_ABOUT_RETURN_TYPE = YES_ERROR;
				GCC_WARN_UNDECLARED_SELECTOR = YES;
				GCC_WARN_UNINITIALIZED_AUTOS = YES_AGGRESSIVE;
				GCC_WARN_UNUSED_FUNCTION = YES;
				GCC_WARN_UNUSED_VARIABLE = YES;
				IPHONEOS_DEPLOYMENT_TARGET = 13.7;
				MTL_ENABLE_DEBUG_INFO = NO;
				MTL_FAST_MATH = YES;
				SDKROOT = iphoneos;
				SWIFT_COMPILATION_MODE = wholemodule;
				SWIFT_OPTIMIZATION_LEVEL = "-O";
				VALIDATE_PRODUCT = YES;
			};
			name = Release;
		};
		4EDF0086250FCEC300B961B6 /* Debug */ = {
			isa = XCBuildConfiguration;
			baseConfigurationReference = B08F7C2ED5F65E8D430424E5 /* Pods-ArduinoTracker.debug.xcconfig */;
			buildSettings = {
				ASSETCATALOG_COMPILER_APPICON_NAME = AppIcon;
				CODE_SIGN_STYLE = Automatic;
				INFOPLIST_FILE = ArduinoTracker/Info.plist;
				LD_RUNPATH_SEARCH_PATHS = (
					"$(inherited)",
					"@executable_path/Frameworks",
				);
				PRODUCT_BUNDLE_IDENTIFIER = "rpiccirillo1-pride.hofstra.edu.ArduinoTracker";
				PRODUCT_NAME = "$(TARGET_NAME)";
				SWIFT_VERSION = 5.0;
				TARGETED_DEVICE_FAMILY = "1,2";
			};
			name = Debug;
		};
		4EDF0087250FCEC300B961B6 /* Release */ = {
			isa = XCBuildConfiguration;
			baseConfigurationReference = 62212398D927569D78D6A7E0 /* Pods-ArduinoTracker.release.xcconfig */;
			buildSettings = {
				ASSETCATALOG_COMPILER_APPICON_NAME = AppIcon;
				CODE_SIGN_STYLE = Automatic;
				INFOPLIST_FILE = ArduinoTracker/Info.plist;
				LD_RUNPATH_SEARCH_PATHS = (
					"$(inherited)",
					"@executable_path/Frameworks",
				);
				PRODUCT_BUNDLE_IDENTIFIER = "rpiccirillo1-pride.hofstra.edu.ArduinoTracker";
				PRODUCT_NAME = "$(TARGET_NAME)";
				SWIFT_VERSION = 5.0;
				TARGETED_DEVICE_FAMILY = "1,2";
			};
			name = Release;
		};
		4EDF0089250FCEC300B961B6 /* Debug */ = {
			isa = XCBuildConfiguration;
			baseConfigurationReference = 2157A237C7735398863DF06B /* Pods-ArduinoTrackerTests.debug.xcconfig */;
			buildSettings = {
				ALWAYS_EMBED_SWIFT_STANDARD_LIBRARIES = YES;
				BUNDLE_LOADER = "$(TEST_HOST)";
				CODE_SIGN_STYLE = Automatic;
				INFOPLIST_FILE = ArduinoTrackerTests/Info.plist;
				IPHONEOS_DEPLOYMENT_TARGET = 13.7;
				LD_RUNPATH_SEARCH_PATHS = (
					"$(inherited)",
					"@executable_path/Frameworks",
					"@loader_path/Frameworks",
				);
				PRODUCT_BUNDLE_IDENTIFIER = "rpiccirillo1-pride.hofstra.edu.ArduinoTrackerTests";
				PRODUCT_NAME = "$(TARGET_NAME)";
				SWIFT_VERSION = 5.0;
				TARGETED_DEVICE_FAMILY = "1,2";
				TEST_HOST = "$(BUILT_PRODUCTS_DIR)/ArduinoTracker.app/ArduinoTracker";
			};
			name = Debug;
		};
		4EDF008A250FCEC300B961B6 /* Release */ = {
			isa = XCBuildConfiguration;
			baseConfigurationReference = 09A4B36299DEE0318F5D8E38 /* Pods-ArduinoTrackerTests.release.xcconfig */;
			buildSettings = {
				ALWAYS_EMBED_SWIFT_STANDARD_LIBRARIES = YES;
				BUNDLE_LOADER = "$(TEST_HOST)";
				CODE_SIGN_STYLE = Automatic;
				INFOPLIST_FILE = ArduinoTrackerTests/Info.plist;
				IPHONEOS_DEPLOYMENT_TARGET = 13.7;
				LD_RUNPATH_SEARCH_PATHS = (
					"$(inherited)",
					"@executable_path/Frameworks",
					"@loader_path/Frameworks",
				);
				PRODUCT_BUNDLE_IDENTIFIER = "rpiccirillo1-pride.hofstra.edu.ArduinoTrackerTests";
				PRODUCT_NAME = "$(TARGET_NAME)";
				SWIFT_VERSION = 5.0;
				TARGETED_DEVICE_FAMILY = "1,2";
				TEST_HOST = "$(BUILT_PRODUCTS_DIR)/ArduinoTracker.app/ArduinoTracker";
			};
			name = Release;
		};
		4EDF008C250FCEC300B961B6 /* Debug */ = {
			isa = XCBuildConfiguration;
			baseConfigurationReference = A139E266BFBC7BE2CC140838 /* Pods-ArduinoTracker-ArduinoTrackerUITests.debug.xcconfig */;
			buildSettings = {
				ALWAYS_EMBED_SWIFT_STANDARD_LIBRARIES = YES;
				CODE_SIGN_STYLE = Automatic;
				INFOPLIST_FILE = ArduinoTrackerUITests/Info.plist;
				LD_RUNPATH_SEARCH_PATHS = (
					"$(inherited)",
					"@executable_path/Frameworks",
					"@loader_path/Frameworks",
				);
				PRODUCT_BUNDLE_IDENTIFIER = "rpiccirillo1-pride.hofstra.edu.ArduinoTrackerUITests";
				PRODUCT_NAME = "$(TARGET_NAME)";
				SWIFT_VERSION = 5.0;
				TARGETED_DEVICE_FAMILY = "1,2";
				TEST_TARGET_NAME = ArduinoTracker;
			};
			name = Debug;
		};
		4EDF008D250FCEC300B961B6 /* Release */ = {
			isa = XCBuildConfiguration;
			baseConfigurationReference = 4D2220DB26DC3AB14D267F90 /* Pods-ArduinoTracker-ArduinoTrackerUITests.release.xcconfig */;
			buildSettings = {
				ALWAYS_EMBED_SWIFT_STANDARD_LIBRARIES = YES;
				CODE_SIGN_STYLE = Automatic;
				INFOPLIST_FILE = ArduinoTrackerUITests/Info.plist;
				LD_RUNPATH_SEARCH_PATHS = (
					"$(inherited)",
					"@executable_path/Frameworks",
					"@loader_path/Frameworks",
				);
				PRODUCT_BUNDLE_IDENTIFIER = "rpiccirillo1-pride.hofstra.edu.ArduinoTrackerUITests";
				PRODUCT_NAME = "$(TARGET_NAME)";
				SWIFT_VERSION = 5.0;
				TARGETED_DEVICE_FAMILY = "1,2";
				TEST_TARGET_NAME = ArduinoTracker;
			};
			name = Release;
		};
/* End XCBuildConfiguration section */

/* Begin XCConfigurationList section */
		4EDF0056250FCEC100B961B6 /* Build configuration list for PBXProject "ArduinoTracker" */ = {
			isa = XCConfigurationList;
			buildConfigurations = (
				4EDF0083250FCEC300B961B6 /* Debug */,
				4EDF0084250FCEC300B961B6 /* Release */,
			);
			defaultConfigurationIsVisible = 0;
			defaultConfigurationName = Release;
		};
		4EDF0085250FCEC300B961B6 /* Build configuration list for PBXNativeTarget "ArduinoTracker" */ = {
			isa = XCConfigurationList;
			buildConfigurations = (
				4EDF0086250FCEC300B961B6 /* Debug */,
				4EDF0087250FCEC300B961B6 /* Release */,
			);
			defaultConfigurationIsVisible = 0;
			defaultConfigurationName = Release;
		};
		4EDF0088250FCEC300B961B6 /* Build configuration list for PBXNativeTarget "ArduinoTrackerTests" */ = {
			isa = XCConfigurationList;
			buildConfigurations = (
				4EDF0089250FCEC300B961B6 /* Debug */,
				4EDF008A250FCEC300B961B6 /* Release */,
			);
			defaultConfigurationIsVisible = 0;
			defaultConfigurationName = Release;
		};
		4EDF008B250FCEC300B961B6 /* Build configuration list for PBXNativeTarget "ArduinoTrackerUITests" */ = {
			isa = XCConfigurationList;
			buildConfigurations = (
				4EDF008C250FCEC300B961B6 /* Debug */,
				4EDF008D250FCEC300B961B6 /* Release */,
			);
			defaultConfigurationIsVisible = 0;
			defaultConfigurationName = Release;
		};
/* End XCConfigurationList section */
	};
	rootObject = 4EDF0053250FCEC100B961B6 /* Project object */;
}
